
Microsoft Visual Studio Solution File, Format Version 12.00
# Visual Studio 15
VisualStudioVersion = 15.0.28307.1231
MinimumVisualStudioVersion = 10.0.40219.1
Project("{FAE04EC0-301F-11D3-BF4B-00C04F79EFBC}") = "Class Methot", "Class Methot\Class Methot.csproj", "{992501CD-181D-4473-AA4C-B53E0858F64B}"
EndProject
Global
	GlobalSection(SolutionConfigurationPlatforms) = preSolution
		Debug|Any CPU = Debug|Any CPU
		Release|Any CPU = Release|Any CPU
	EndGlobalSection
	GlobalSection(ProjectConfigurationPlatforms) = postSolution
		{992501CD-181D-4473-AA4C-B53E0858F64B}.Debug|Any CPU.ActiveCfg = Debug|Any CPU
		{992501CD-181D-4473-AA4C-B53E0858F64B}.Debug|Any CPU.Build.0 = Debug|Any CPU
		{992501CD-181D-4473-AA4C-B53E0858F64B}.Release|Any CPU.ActiveCfg = Release|Any CPU
		{992501CD-181D-4473-AA4C-B53E0858F64B}.Release|Any CPU.Build.0 = Release|Any CPU
	EndGlobalSection
	GlobalSection(SolutionProperties) = preSolution
		HideSolutionNode = FALSE
	EndGlobalSection
	GlobalSection(ExtensibilityGlobals) = postSolution
		SolutionGuid = {A485AF3D-6464-413F-B3D3-74024E2EB2A9}
	EndGlobalSection
EndGlobal
