
Microsoft Visual Studio Solution File, Format Version 12.00
# Visual Studio 15
VisualStudioVersion = 15.0.28307.1231
MinimumVisualStudioVersion = 10.0.40219.1
Project("{FAE04EC0-301F-11D3-BF4B-00C04F79EFBC}") = "ConsoleApp5", "ConsoleApp5\ConsoleApp5.csproj", "{D9A80336-9A3F-4E9E-80D3-63063B358B51}"
EndProject
Global
	GlobalSection(SolutionConfigurationPlatforms) = preSolution
		Debug|Any CPU = Debug|Any CPU
		Release|Any CPU = Release|Any CPU
	EndGlobalSection
	GlobalSection(ProjectConfigurationPlatforms) = postSolution
		{D9A80336-9A3F-4E9E-80D3-63063B358B51}.Debug|Any CPU.ActiveCfg = Debug|Any CPU
		{D9A80336-9A3F-4E9E-80D3-63063B358B51}.Debug|Any CPU.Build.0 = Debug|Any CPU
		{D9A80336-9A3F-4E9E-80D3-63063B358B51}.Release|Any CPU.ActiveCfg = Release|Any CPU
		{D9A80336-9A3F-4E9E-80D3-63063B358B51}.Release|Any CPU.Build.0 = Release|Any CPU
	EndGlobalSection
	GlobalSection(SolutionProperties) = preSolution
		HideSolutionNode = FALSE
	EndGlobalSection
	GlobalSection(ExtensibilityGlobals) = postSolution
		SolutionGuid = {7B375D21-326C-4A8F-8226-A33A6D8A5463}
	EndGlobalSection
EndGlobal
